// !$*UTF8*$!
{
	archiveVersion = 1;
	classes = {
	};
	objectVersion = 46;
	objects = {

/* Begin PBXBuildFile section */
		22326A141F28CA0900933424 /* burgerImage.png in Resources */ = {isa = PBXBuildFile; fileRef = 22326A0A1F28CA0900933424 /* burgerImage.png */; };
		22326A151F28CA0900933424 /* burgerImage2.png in Resources */ = {isa = PBXBuildFile; fileRef = 22326A0B1F28CA0900933424 /* burgerImage2.png */; };
		22326A161F28CA0900933424 /* centerImage.png in Resources */ = {isa = PBXBuildFile; fileRef = 22326A0C1F28CA0900933424 /* centerImage.png */; };
		22326A171F28CA0900933424 /* DateleMele.png in Resources */ = {isa = PBXBuildFile; fileRef = 22326A0D1F28CA0900933424 /* DateleMele.png */; };
		22326A181F28CA0900933424 /* feedback.png in Resources */ = {isa = PBXBuildFile; fileRef = 22326A0E1F28CA0900933424 /* feedback.png */; };
		22326A191F28CA0900933424 /* logout.png in Resources */ = {isa = PBXBuildFile; fileRef = 22326A0F1F28CA0900933424 /* logout.png */; };
		22326A1A1F28CA0900933424 /* refaquiz.png in Resources */ = {isa = PBXBuildFile; fileRef = 22326A101F28CA0900933424 /* refaquiz.png */; };
		22326A1B1F28CA0900933424 /* tutorial.png in Resources */ = {isa = PBXBuildFile; fileRef = 22326A111F28CA0900933424 /* tutorial.png */; };
		22326A1C1F28CA0900933424 /* txtParavion.png in Resources */ = {isa = PBXBuildFile; fileRef = 22326A121F28CA0900933424 /* txtParavion.png */; };
		22326A1D1F28CA0900933424 /* wishlist.png in Resources */ = {isa = PBXBuildFile; fileRef = 22326A131F28CA0900933424 /* wishlist.png */; };
		22326A201F28CDDB00933424 /* DrawerTableviewCellTableViewCell.swift in Sources */ = {isa = PBXBuildFile; fileRef = 22326A1F1F28CDDB00933424 /* DrawerTableviewCellTableViewCell.swift */; };
		2253E3801F2B7E4C007C1397 /* RestApiManager.swift in Sources */ = {isa = PBXBuildFile; fileRef = 2253E37F1F2B7E4C007C1397 /* RestApiManager.swift */; };
		2272CBE71F1FCB8C00D95624 /* AppDelegate.swift in Sources */ = {isa = PBXBuildFile; fileRef = 2272CBE61F1FCB8C00D95624 /* AppDelegate.swift */; };
		2272CBE91F1FCB8C00D95624 /* ViewController.swift in Sources */ = {isa = PBXBuildFile; fileRef = 2272CBE81F1FCB8C00D95624 /* ViewController.swift */; };
		2272CBEC1F1FCB8C00D95624 /* Main.storyboard in Resources */ = {isa = PBXBuildFile; fileRef = 2272CBEA1F1FCB8C00D95624 /* Main.storyboard */; };
		2272CBEF1F1FCB8C00D95624 /* Paravion.xcdatamodeld in Sources */ = {isa = PBXBuildFile; fileRef = 2272CBED1F1FCB8C00D95624 /* Paravion.xcdatamodeld */; };
		2272CBF11F1FCB8C00D95624 /* Assets.xcassets in Resources */ = {isa = PBXBuildFile; fileRef = 2272CBF01F1FCB8C00D95624 /* Assets.xcassets */; };
		2272CBF41F1FCB8C00D95624 /* LaunchScreen.storyboard in Resources */ = {isa = PBXBuildFile; fileRef = 2272CBF21F1FCB8C00D95624 /* LaunchScreen.storyboard */; };
		2272CBFF1F1FCB8C00D95624 /* ParavionTests.swift in Sources */ = {isa = PBXBuildFile; fileRef = 2272CBFE1F1FCB8C00D95624 /* ParavionTests.swift */; };
		2272CC0A1F1FCB8D00D95624 /* ParavionUITests.swift in Sources */ = {isa = PBXBuildFile; fileRef = 2272CC091F1FCB8D00D95624 /* ParavionUITests.swift */; };
		227A38EF1F29D47700B22130 /* femaleImg.png in Resources */ = {isa = PBXBuildFile; fileRef = 227A38EE1F29D47700B22130 /* femaleImg.png */; };
		227A38F11F29D48000B22130 /* maleImg.png in Resources */ = {isa = PBXBuildFile; fileRef = 227A38F01F29D48000B22130 /* maleImg.png */; };
		227A38F71F2B720000B22130 /* UserObject.swift in Sources */ = {isa = PBXBuildFile; fileRef = 227A38F61F2B720000B22130 /* UserObject.swift */; };
		229CFCFC1F3A4CF0000AC412 /* Tutorial.storyboard in Resources */ = {isa = PBXBuildFile; fileRef = 229CFCFB1F3A4CF0000AC412 /* Tutorial.storyboard */; };
		229CFD001F3A53A6000AC412 /* TutorialP0ViewController.swift in Sources */ = {isa = PBXBuildFile; fileRef = 229CFCFF1F3A53A6000AC412 /* TutorialP0ViewController.swift */; };
		229CFD021F3A53C0000AC412 /* TutorialP1ViewController.swift in Sources */ = {isa = PBXBuildFile; fileRef = 229CFD011F3A53C0000AC412 /* TutorialP1ViewController.swift */; };
		229CFD041F3A53D3000AC412 /* TutorialP2ViewController.swift in Sources */ = {isa = PBXBuildFile; fileRef = 229CFD031F3A53D3000AC412 /* TutorialP2ViewController.swift */; };
		229CFD061F3A53E4000AC412 /* TutorialP3ViewController.swift in Sources */ = {isa = PBXBuildFile; fileRef = 229CFD051F3A53E4000AC412 /* TutorialP3ViewController.swift */; };
		229CFD081F3A59E8000AC412 /* TutorialPageViewController.swift in Sources */ = {isa = PBXBuildFile; fileRef = 229CFD071F3A59E8000AC412 /* TutorialPageViewController.swift */; };
		229CFD0A1F3A5F74000AC412 /* radioUnchecked.png in Resources */ = {isa = PBXBuildFile; fileRef = 229CFD091F3A5F74000AC412 /* radioUnchecked.png */; };
		229CFD0D1F3A5FCC000AC412 /* TutorialTitleCell.swift in Sources */ = {isa = PBXBuildFile; fileRef = 229CFD0C1F3A5FCC000AC412 /* TutorialTitleCell.swift */; };
		229CFD0F1F3A5FE3000AC412 /* tutorialOptionCell.swift in Sources */ = {isa = PBXBuildFile; fileRef = 229CFD0E1F3A5FE3000AC412 /* tutorialOptionCell.swift */; };
		22BFCC611F3CBEB2006BB53C /* selImg0.png in Resources */ = {isa = PBXBuildFile; fileRef = 22BFCC5D1F3CBEB2006BB53C /* selImg0.png */; };
		22BFCC621F3CBEB2006BB53C /* selImg1.png in Resources */ = {isa = PBXBuildFile; fileRef = 22BFCC5E1F3CBEB2006BB53C /* selImg1.png */; };
		22BFCC631F3CBEB2006BB53C /* selImg2.png in Resources */ = {isa = PBXBuildFile; fileRef = 22BFCC5F1F3CBEB2006BB53C /* selImg2.png */; };
		22BFCC641F3CBEB2006BB53C /* selImg3.png in Resources */ = {isa = PBXBuildFile; fileRef = 22BFCC601F3CBEB2006BB53C /* selImg3.png */; };
		22D5BF651F1FD03300B4E7AA /* DrawerViewController.swift in Sources */ = {isa = PBXBuildFile; fileRef = 22D5BF641F1FD03300B4E7AA /* DrawerViewController.swift */; };
		22D5BF671F1FD07900B4E7AA /* MainNavigationviewControllerViewController.swift in Sources */ = {isa = PBXBuildFile; fileRef = 22D5BF661F1FD07900B4E7AA /* MainNavigationviewControllerViewController.swift */; };
		22D5BF6B1F1FD42900B4E7AA /* UIViewController.swift in Sources */ = {isa = PBXBuildFile; fileRef = 22D5BF6A1F1FD42900B4E7AA /* UIViewController.swift */; };
		22E052031F29497600C88E36 /* adaugaPozaProfil.png in Resources */ = {isa = PBXBuildFile; fileRef = 22E052021F29497600C88E36 /* adaugaPozaProfil.png */; };
		22E052051F294AF400C88E36 /* registerType1Cell.swift in Sources */ = {isa = PBXBuildFile; fileRef = 22E052041F294AF400C88E36 /* registerType1Cell.swift */; };
		22E052071F294B0800C88E36 /* registerType2Cell.swift in Sources */ = {isa = PBXBuildFile; fileRef = 22E052061F294B0800C88E36 /* registerType2Cell.swift */; };
		22E052091F294B1800C88E36 /* registerType3Cell.swift in Sources */ = {isa = PBXBuildFile; fileRef = 22E052081F294B1800C88E36 /* registerType3Cell.swift */; };
		22E0520B1F294B2900C88E36 /* registerType4Cell.swift in Sources */ = {isa = PBXBuildFile; fileRef = 22E0520A1F294B2900C88E36 /* registerType4Cell.swift */; };
		22E0520D1F294E0D00C88E36 /* RegisterViewController.swift in Sources */ = {isa = PBXBuildFile; fileRef = 22E0520C1F294E0D00C88E36 /* RegisterViewController.swift */; };
		B6C451FE57B91D479F96DC6A /* Pods_ParavionTests.framework in Frameworks */ = {isa = PBXBuildFile; fileRef = A98673348FF05451044F5326 /* Pods_ParavionTests.framework */; };
		BBCE32759722E296E58D7D03 /* Pods_Paravion.framework in Frameworks */ = {isa = PBXBuildFile; fileRef = FF2230567C49B59FD20D01B0 /* Pods_Paravion.framework */; };
		F9A0A3B5F49E34FCEA3A9DC2 /* Pods_ParavionUITests.framework in Frameworks */ = {isa = PBXBuildFile; fileRef = 423EEBE92CEA4C2EA4D09378 /* Pods_ParavionUITests.framework */; };
/* End PBXBuildFile section */

/* Begin PBXContainerItemProxy section */
		2272CBFB1F1FCB8C00D95624 /* PBXContainerItemProxy */ = {
			isa = PBXContainerItemProxy;
			containerPortal = 2272CBDB1F1FCB8C00D95624 /* Project object */;
			proxyType = 1;
			remoteGlobalIDString = 2272CBE21F1FCB8C00D95624;
			remoteInfo = Paravion;
		};
		2272CC061F1FCB8D00D95624 /* PBXContainerItemProxy */ = {
			isa = PBXContainerItemProxy;
			containerPortal = 2272CBDB1F1FCB8C00D95624 /* Project object */;
			proxyType = 1;
			remoteGlobalIDString = 2272CBE21F1FCB8C00D95624;
			remoteInfo = Paravion;
		};
/* End PBXContainerItemProxy section */

/* Begin PBXFileReference section */
		01F83763B08FD4475FD2E0A4 /* Pods-Paravion.debug.xcconfig */ = {isa = PBXFileReference; includeInIndex = 1; lastKnownFileType = text.xcconfig; name = "Pods-Paravion.debug.xcconfig"; path = "Pods/Target Support Files/Pods-Paravion/Pods-Paravion.debug.xcconfig"; sourceTree = "<group>"; };
		1F6162016EFF731654FF5991 /* Pods-ParavionTests.release.xcconfig */ = {isa = PBXFileReference; includeInIndex = 1; lastKnownFileType = text.xcconfig; name = "Pods-ParavionTests.release.xcconfig"; path = "Pods/Target Support Files/Pods-ParavionTests/Pods-ParavionTests.release.xcconfig"; sourceTree = "<group>"; };
		22326A0A1F28CA0900933424 /* burgerImage.png */ = {isa = PBXFileReference; lastKnownFileType = image.png; name = burgerImage.png; path = graphics/burgerImage.png; sourceTree = SOURCE_ROOT; };
		22326A0B1F28CA0900933424 /* burgerImage2.png */ = {isa = PBXFileReference; lastKnownFileType = image.png; name = burgerImage2.png; path = graphics/burgerImage2.png; sourceTree = SOURCE_ROOT; };
		22326A0C1F28CA0900933424 /* centerImage.png */ = {isa = PBXFileReference; lastKnownFileType = image.png; name = centerImage.png; path = graphics/centerImage.png; sourceTree = SOURCE_ROOT; };
		22326A0D1F28CA0900933424 /* DateleMele.png */ = {isa = PBXFileReference; lastKnownFileType = image.png; name = DateleMele.png; path = graphics/DateleMele.png; sourceTree = SOURCE_ROOT; };
		22326A0E1F28CA0900933424 /* feedback.png */ = {isa = PBXFileReference; lastKnownFileType = image.png; name = feedback.png; path = graphics/feedback.png; sourceTree = SOURCE_ROOT; };
		22326A0F1F28CA0900933424 /* logout.png */ = {isa = PBXFileReference; lastKnownFileType = image.png; name = logout.png; path = graphics/logout.png; sourceTree = SOURCE_ROOT; };
		22326A101F28CA0900933424 /* refaquiz.png */ = {isa = PBXFileReference; lastKnownFileType = image.png; name = refaquiz.png; path = graphics/refaquiz.png; sourceTree = SOURCE_ROOT; };
		22326A111F28CA0900933424 /* tutorial.png */ = {isa = PBXFileReference; lastKnownFileType = image.png; name = tutorial.png; path = graphics/tutorial.png; sourceTree = SOURCE_ROOT; };
		22326A121F28CA0900933424 /* txtParavion.png */ = {isa = PBXFileReference; lastKnownFileType = image.png; name = txtParavion.png; path = graphics/txtParavion.png; sourceTree = SOURCE_ROOT; };
		22326A131F28CA0900933424 /* wishlist.png */ = {isa = PBXFileReference; lastKnownFileType = image.png; name = wishlist.png; path = graphics/wishlist.png; sourceTree = SOURCE_ROOT; };
		22326A1F1F28CDDB00933424 /* DrawerTableviewCellTableViewCell.swift */ = {isa = PBXFileReference; fileEncoding = 4; lastKnownFileType = sourcecode.swift; path = DrawerTableviewCellTableViewCell.swift; sourceTree = "<group>"; };
		2253E37F1F2B7E4C007C1397 /* RestApiManager.swift */ = {isa = PBXFileReference; fileEncoding = 4; lastKnownFileType = sourcecode.swift; name = RestApiManager.swift; path = API/RestApiManager.swift; sourceTree = "<group>"; };
		2272CBE31F1FCB8C00D95624 /* Paravion.app */ = {isa = PBXFileReference; explicitFileType = wrapper.application; includeInIndex = 0; path = Paravion.app; sourceTree = BUILT_PRODUCTS_DIR; };
		2272CBE61F1FCB8C00D95624 /* AppDelegate.swift */ = {isa = PBXFileReference; lastKnownFileType = sourcecode.swift; path = AppDelegate.swift; sourceTree = "<group>"; };
		2272CBE81F1FCB8C00D95624 /* ViewController.swift */ = {isa = PBXFileReference; lastKnownFileType = sourcecode.swift; path = ViewController.swift; sourceTree = "<group>"; };
		2272CBEB1F1FCB8C00D95624 /* Base */ = {isa = PBXFileReference; lastKnownFileType = file.storyboard; name = Base; path = Base.lproj/Main.storyboard; sourceTree = "<group>"; };
		2272CBEE1F1FCB8C00D95624 /* Paravion.xcdatamodel */ = {isa = PBXFileReference; lastKnownFileType = wrapper.xcdatamodel; path = Paravion.xcdatamodel; sourceTree = "<group>"; };
		2272CBF01F1FCB8C00D95624 /* Assets.xcassets */ = {isa = PBXFileReference; lastKnownFileType = folder.assetcatalog; path = Assets.xcassets; sourceTree = "<group>"; };
		2272CBF31F1FCB8C00D95624 /* Base */ = {isa = PBXFileReference; lastKnownFileType = file.storyboard; name = Base; path = Base.lproj/LaunchScreen.storyboard; sourceTree = "<group>"; };
		2272CBF51F1FCB8C00D95624 /* Info.plist */ = {isa = PBXFileReference; lastKnownFileType = text.plist.xml; path = Info.plist; sourceTree = "<group>"; };
		2272CBFA1F1FCB8C00D95624 /* ParavionTests.xctest */ = {isa = PBXFileReference; explicitFileType = wrapper.cfbundle; includeInIndex = 0; path = ParavionTests.xctest; sourceTree = BUILT_PRODUCTS_DIR; };
		2272CBFE1F1FCB8C00D95624 /* ParavionTests.swift */ = {isa = PBXFileReference; lastKnownFileType = sourcecode.swift; path = ParavionTests.swift; sourceTree = "<group>"; };
		2272CC001F1FCB8C00D95624 /* Info.plist */ = {isa = PBXFileReference; lastKnownFileType = text.plist.xml; path = Info.plist; sourceTree = "<group>"; };
		2272CC051F1FCB8D00D95624 /* ParavionUITests.xctest */ = {isa = PBXFileReference; explicitFileType = wrapper.cfbundle; includeInIndex = 0; path = ParavionUITests.xctest; sourceTree = BUILT_PRODUCTS_DIR; };
		2272CC091F1FCB8D00D95624 /* ParavionUITests.swift */ = {isa = PBXFileReference; lastKnownFileType = sourcecode.swift; path = ParavionUITests.swift; sourceTree = "<group>"; };
		2272CC0B1F1FCB8D00D95624 /* Info.plist */ = {isa = PBXFileReference; lastKnownFileType = text.plist.xml; path = Info.plist; sourceTree = "<group>"; };
		227A38EE1F29D47700B22130 /* femaleImg.png */ = {isa = PBXFileReference; lastKnownFileType = image.png; name = femaleImg.png; path = graphics/femaleImg.png; sourceTree = SOURCE_ROOT; };
		227A38F01F29D48000B22130 /* maleImg.png */ = {isa = PBXFileReference; lastKnownFileType = image.png; name = maleImg.png; path = graphics/maleImg.png; sourceTree = SOURCE_ROOT; };
		227A38F61F2B720000B22130 /* UserObject.swift */ = {isa = PBXFileReference; fileEncoding = 4; lastKnownFileType = sourcecode.swift; name = UserObject.swift; path = API/UserObject.swift; sourceTree = "<group>"; };
		229CFCFB1F3A4CF0000AC412 /* Tutorial.storyboard */ = {isa = PBXFileReference; fileEncoding = 4; lastKnownFileType = file.storyboard; name = Tutorial.storyboard; path = Tutorial/Tutorial.storyboard; sourceTree = "<group>"; };
		229CFCFF1F3A53A6000AC412 /* TutorialP0ViewController.swift */ = {isa = PBXFileReference; fileEncoding = 4; lastKnownFileType = sourcecode.swift; name = TutorialP0ViewController.swift; path = Tutorial/TutorialP0ViewController.swift; sourceTree = "<group>"; };
		229CFD011F3A53C0000AC412 /* TutorialP1ViewController.swift */ = {isa = PBXFileReference; fileEncoding = 4; lastKnownFileType = sourcecode.swift; name = TutorialP1ViewController.swift; path = Tutorial/TutorialP1ViewController.swift; sourceTree = "<group>"; };
		229CFD031F3A53D3000AC412 /* TutorialP2ViewController.swift */ = {isa = PBXFileReference; fileEncoding = 4; lastKnownFileType = sourcecode.swift; name = TutorialP2ViewController.swift; path = Tutorial/TutorialP2ViewController.swift; sourceTree = "<group>"; };
		229CFD051F3A53E4000AC412 /* TutorialP3ViewController.swift */ = {isa = PBXFileReference; fileEncoding = 4; lastKnownFileType = sourcecode.swift; name = TutorialP3ViewController.swift; path = Tutorial/TutorialP3ViewController.swift; sourceTree = "<group>"; };
		229CFD071F3A59E8000AC412 /* TutorialPageViewController.swift */ = {isa = PBXFileReference; fileEncoding = 4; lastKnownFileType = sourcecode.swift; name = TutorialPageViewController.swift; path = Tutorial/TutorialPageViewController.swift; sourceTree = "<group>"; };
		229CFD091F3A5F74000AC412 /* radioUnchecked.png */ = {isa = PBXFileReference; lastKnownFileType = image.png; name = radioUnchecked.png; path = graphics/radioUnchecked.png; sourceTree = SOURCE_ROOT; };
		229CFD0C1F3A5FCC000AC412 /* TutorialTitleCell.swift */ = {isa = PBXFileReference; fileEncoding = 4; lastKnownFileType = sourcecode.swift; name = TutorialTitleCell.swift; path = Tutorial/TutorialTitleCell.swift; sourceTree = "<group>"; };
		229CFD0E1F3A5FE3000AC412 /* tutorialOptionCell.swift */ = {isa = PBXFileReference; fileEncoding = 4; lastKnownFileType = sourcecode.swift; name = tutorialOptionCell.swift; path = Tutorial/tutorialOptionCell.swift; sourceTree = "<group>"; };
		22BFCC5D1F3CBEB2006BB53C /* selImg0.png */ = {isa = PBXFileReference; lastKnownFileType = image.png; name = selImg0.png; path = graphics/selImg0.png; sourceTree = SOURCE_ROOT; };
		22BFCC5E1F3CBEB2006BB53C /* selImg1.png */ = {isa = PBXFileReference; lastKnownFileType = image.png; name = selImg1.png; path = graphics/selImg1.png; sourceTree = SOURCE_ROOT; };
		22BFCC5F1F3CBEB2006BB53C /* selImg2.png */ = {isa = PBXFileReference; lastKnownFileType = image.png; name = selImg2.png; path = graphics/selImg2.png; sourceTree = SOURCE_ROOT; };
		22BFCC601F3CBEB2006BB53C /* selImg3.png */ = {isa = PBXFileReference; lastKnownFileType = image.png; name = selImg3.png; path = graphics/selImg3.png; sourceTree = SOURCE_ROOT; };
		22D5BF641F1FD03300B4E7AA /* DrawerViewController.swift */ = {isa = PBXFileReference; fileEncoding = 4; lastKnownFileType = sourcecode.swift; path = DrawerViewController.swift; sourceTree = "<group>"; };
		22D5BF661F1FD07900B4E7AA /* MainNavigationviewControllerViewController.swift */ = {isa = PBXFileReference; fileEncoding = 4; lastKnownFileType = sourcecode.swift; path = MainNavigationviewControllerViewController.swift; sourceTree = "<group>"; };
		22D5BF6A1F1FD42900B4E7AA /* UIViewController.swift */ = {isa = PBXFileReference; fileEncoding = 4; lastKnownFileType = sourcecode.swift; path = UIViewController.swift; sourceTree = "<group>"; };
		22E052021F29497600C88E36 /* adaugaPozaProfil.png */ = {isa = PBXFileReference; lastKnownFileType = image.png; name = adaugaPozaProfil.png; path = graphics/adaugaPozaProfil.png; sourceTree = SOURCE_ROOT; };
		22E052041F294AF400C88E36 /* registerType1Cell.swift */ = {isa = PBXFileReference; fileEncoding = 4; lastKnownFileType = sourcecode.swift; path = registerType1Cell.swift; sourceTree = "<group>"; };
		22E052061F294B0800C88E36 /* registerType2Cell.swift */ = {isa = PBXFileReference; fileEncoding = 4; lastKnownFileType = sourcecode.swift; path = registerType2Cell.swift; sourceTree = "<group>"; };
		22E052081F294B1800C88E36 /* registerType3Cell.swift */ = {isa = PBXFileReference; fileEncoding = 4; lastKnownFileType = sourcecode.swift; path = registerType3Cell.swift; sourceTree = "<group>"; };
		22E0520A1F294B2900C88E36 /* registerType4Cell.swift */ = {isa = PBXFileReference; fileEncoding = 4; lastKnownFileType = sourcecode.swift; path = registerType4Cell.swift; sourceTree = "<group>"; };
		22E0520C1F294E0D00C88E36 /* RegisterViewController.swift */ = {isa = PBXFileReference; fileEncoding = 4; lastKnownFileType = sourcecode.swift; path = RegisterViewController.swift; sourceTree = "<group>"; };
		3006F0062884212B3E2AEFE7 /* Pods-ParavionUITests.release.xcconfig */ = {isa = PBXFileReference; includeInIndex = 1; lastKnownFileType = text.xcconfig; name = "Pods-ParavionUITests.release.xcconfig"; path = "Pods/Target Support Files/Pods-ParavionUITests/Pods-ParavionUITests.release.xcconfig"; sourceTree = "<group>"; };
		423EEBE92CEA4C2EA4D09378 /* Pods_ParavionUITests.framework */ = {isa = PBXFileReference; explicitFileType = wrapper.framework; includeInIndex = 0; path = Pods_ParavionUITests.framework; sourceTree = BUILT_PRODUCTS_DIR; };
		5B847EBA1C2F9A416690DDAA /* Pods-Paravion.release.xcconfig */ = {isa = PBXFileReference; includeInIndex = 1; lastKnownFileType = text.xcconfig; name = "Pods-Paravion.release.xcconfig"; path = "Pods/Target Support Files/Pods-Paravion/Pods-Paravion.release.xcconfig"; sourceTree = "<group>"; };
		6579A358CBD4F56E70E77EC8 /* Pods-ParavionTests.debug.xcconfig */ = {isa = PBXFileReference; includeInIndex = 1; lastKnownFileType = text.xcconfig; name = "Pods-ParavionTests.debug.xcconfig"; path = "Pods/Target Support Files/Pods-ParavionTests/Pods-ParavionTests.debug.xcconfig"; sourceTree = "<group>"; };
		A98673348FF05451044F5326 /* Pods_ParavionTests.framework */ = {isa = PBXFileReference; explicitFileType = wrapper.framework; includeInIndex = 0; path = Pods_ParavionTests.framework; sourceTree = BUILT_PRODUCTS_DIR; };
		F99BAF2FB1A5D8C72EDF2927 /* Pods-ParavionUITests.debug.xcconfig */ = {isa = PBXFileReference; includeInIndex = 1; lastKnownFileType = text.xcconfig; name = "Pods-ParavionUITests.debug.xcconfig"; path = "Pods/Target Support Files/Pods-ParavionUITests/Pods-ParavionUITests.debug.xcconfig"; sourceTree = "<group>"; };
		FF2230567C49B59FD20D01B0 /* Pods_Paravion.framework */ = {isa = PBXFileReference; explicitFileType = wrapper.framework; includeInIndex = 0; path = Pods_Paravion.framework; sourceTree = BUILT_PRODUCTS_DIR; };
/* End PBXFileReference section */

/* Begin PBXFrameworksBuildPhase section */
		2272CBE01F1FCB8C00D95624 /* Frameworks */ = {
			isa = PBXFrameworksBuildPhase;
			buildActionMask = 2147483647;
			files = (
				BBCE32759722E296E58D7D03 /* Pods_Paravion.framework in Frameworks */,
			);
			runOnlyForDeploymentPostprocessing = 0;
		};
		2272CBF71F1FCB8C00D95624 /* Frameworks */ = {
			isa = PBXFrameworksBuildPhase;
			buildActionMask = 2147483647;
			files = (
				B6C451FE57B91D479F96DC6A /* Pods_ParavionTests.framework in Frameworks */,
			);
			runOnlyForDeploymentPostprocessing = 0;
		};
		2272CC021F1FCB8D00D95624 /* Frameworks */ = {
			isa = PBXFrameworksBuildPhase;
			buildActionMask = 2147483647;
			files = (
				F9A0A3B5F49E34FCEA3A9DC2 /* Pods_ParavionUITests.framework in Frameworks */,
			);
			runOnlyForDeploymentPostprocessing = 0;
		};
/* End PBXFrameworksBuildPhase section */

/* Begin PBXGroup section */
		22326A061F28C92E00933424 /* graphics */ = {
			isa = PBXGroup;
			children = (
				229CFCFD1F3A51FB000AC412 /* tutorial */,
				227A38ED1F29D46300B22130 /* signup */,
				22326A071F28C93D00933424 /* drawyer */,
			);
			name = graphics;
			sourceTree = "<group>";
		};
		22326A071F28C93D00933424 /* drawyer */ = {
			isa = PBXGroup;
			children = (
				22E052021F29497600C88E36 /* adaugaPozaProfil.png */,
				22326A0A1F28CA0900933424 /* burgerImage.png */,
				22326A0B1F28CA0900933424 /* burgerImage2.png */,
				22326A0C1F28CA0900933424 /* centerImage.png */,
				22326A0D1F28CA0900933424 /* DateleMele.png */,
				22326A0E1F28CA0900933424 /* feedback.png */,
				22326A0F1F28CA0900933424 /* logout.png */,
				22326A101F28CA0900933424 /* refaquiz.png */,
				22326A111F28CA0900933424 /* tutorial.png */,
				22326A121F28CA0900933424 /* txtParavion.png */,
				22326A131F28CA0900933424 /* wishlist.png */,
			);
			name = drawyer;
			sourceTree = "<group>";
		};
		22326A1E1F28CDB200933424 /* components */ = {
			isa = PBXGroup;
			children = (
				229CFD0B1F3A5F96000AC412 /* tutorial */,
				22326A1F1F28CDDB00933424 /* DrawerTableviewCellTableViewCell.swift */,
				22E052041F294AF400C88E36 /* registerType1Cell.swift */,
				22E052061F294B0800C88E36 /* registerType2Cell.swift */,
				22E052081F294B1800C88E36 /* registerType3Cell.swift */,
				22E0520A1F294B2900C88E36 /* registerType4Cell.swift */,
			);
			name = components;
			sourceTree = "<group>";
		};
		2272CBDA1F1FCB8C00D95624 = {
			isa = PBXGroup;
			children = (
				2272CBE51F1FCB8C00D95624 /* Paravion */,
				2272CBFD1F1FCB8C00D95624 /* ParavionTests */,
				2272CC081F1FCB8D00D95624 /* ParavionUITests */,
				2272CBE41F1FCB8C00D95624 /* Products */,
				8D590C0A36ABE9E22F41A48B /* Pods */,
				73063E01059E5F7B5E64C081 /* Frameworks */,
			);
			sourceTree = "<group>";
		};
		2272CBE41F1FCB8C00D95624 /* Products */ = {
			isa = PBXGroup;
			children = (
				2272CBE31F1FCB8C00D95624 /* Paravion.app */,
				2272CBFA1F1FCB8C00D95624 /* ParavionTests.xctest */,
				2272CC051F1FCB8D00D95624 /* ParavionUITests.xctest */,
			);
			name = Products;
			sourceTree = "<group>";
		};
		2272CBE51F1FCB8C00D95624 /* Paravion */ = {
			isa = PBXGroup;
			children = (
				229CFCFE1F3A5375000AC412 /* tutorial */,
				227A38F21F2B6E8800B22130 /* API */,
				22326A1E1F28CDB200933424 /* components */,
				22326A061F28C92E00933424 /* graphics */,
				2272CBE61F1FCB8C00D95624 /* AppDelegate.swift */,
				2272CBE81F1FCB8C00D95624 /* ViewController.swift */,
				2272CBEA1F1FCB8C00D95624 /* Main.storyboard */,
				2272CBF01F1FCB8C00D95624 /* Assets.xcassets */,
				2272CBF21F1FCB8C00D95624 /* LaunchScreen.storyboard */,
				2272CBF51F1FCB8C00D95624 /* Info.plist */,
				2272CBED1F1FCB8C00D95624 /* Paravion.xcdatamodeld */,
				22D5BF641F1FD03300B4E7AA /* DrawerViewController.swift */,
				22D5BF661F1FD07900B4E7AA /* MainNavigationviewControllerViewController.swift */,
				22D5BF6A1F1FD42900B4E7AA /* UIViewController.swift */,
				22E0520C1F294E0D00C88E36 /* RegisterViewController.swift */,
			);
			path = Paravion;
			sourceTree = "<group>";
		};
		2272CBFD1F1FCB8C00D95624 /* ParavionTests */ = {
			isa = PBXGroup;
			children = (
				2272CBFE1F1FCB8C00D95624 /* ParavionTests.swift */,
				2272CC001F1FCB8C00D95624 /* Info.plist */,
			);
			path = ParavionTests;
			sourceTree = "<group>";
		};
		2272CC081F1FCB8D00D95624 /* ParavionUITests */ = {
			isa = PBXGroup;
			children = (
				2272CC091F1FCB8D00D95624 /* ParavionUITests.swift */,
				2272CC0B1F1FCB8D00D95624 /* Info.plist */,
			);
			path = ParavionUITests;
			sourceTree = "<group>";
		};
		227A38ED1F29D46300B22130 /* signup */ = {
			isa = PBXGroup;
			children = (
				227A38EE1F29D47700B22130 /* femaleImg.png */,
				227A38F01F29D48000B22130 /* maleImg.png */,
			);
			name = signup;
			sourceTree = "<group>";
		};
		227A38F21F2B6E8800B22130 /* API */ = {
			isa = PBXGroup;
			children = (
				2253E37F1F2B7E4C007C1397 /* RestApiManager.swift */,
				227A38F51F2B71DC00B22130 /* DTO */,
			);
			name = API;
			sourceTree = "<group>";
		};
		227A38F51F2B71DC00B22130 /* DTO */ = {
			isa = PBXGroup;
			children = (
				227A38F61F2B720000B22130 /* UserObject.swift */,
			);
			name = DTO;
			sourceTree = "<group>";
		};
		229CFCFD1F3A51FB000AC412 /* tutorial */ = {
			isa = PBXGroup;
			children = (
				22BFCC5D1F3CBEB2006BB53C /* selImg0.png */,
				22BFCC5E1F3CBEB2006BB53C /* selImg1.png */,
				22BFCC5F1F3CBEB2006BB53C /* selImg2.png */,
				22BFCC601F3CBEB2006BB53C /* selImg3.png */,
				229CFD091F3A5F74000AC412 /* radioUnchecked.png */,
			);
			name = tutorial;
			sourceTree = "<group>";
		};
		229CFCFE1F3A5375000AC412 /* tutorial */ = {
			isa = PBXGroup;
			children = (
				229CFCFB1F3A4CF0000AC412 /* Tutorial.storyboard */,
				229CFCFF1F3A53A6000AC412 /* TutorialP0ViewController.swift */,
				229CFD011F3A53C0000AC412 /* TutorialP1ViewController.swift */,
				229CFD031F3A53D3000AC412 /* TutorialP2ViewController.swift */,
				229CFD051F3A53E4000AC412 /* TutorialP3ViewController.swift */,
				229CFD071F3A59E8000AC412 /* TutorialPageViewController.swift */,
			);
			name = tutorial;
			sourceTree = "<group>";
		};
		229CFD0B1F3A5F96000AC412 /* tutorial */ = {
			isa = PBXGroup;
			children = (
				229CFD0C1F3A5FCC000AC412 /* TutorialTitleCell.swift */,
				229CFD0E1F3A5FE3000AC412 /* tutorialOptionCell.swift */,
			);
			name = tutorial;
			sourceTree = "<group>";
		};
		73063E01059E5F7B5E64C081 /* Frameworks */ = {
			isa = PBXGroup;
			children = (
				FF2230567C49B59FD20D01B0 /* Pods_Paravion.framework */,
				A98673348FF05451044F5326 /* Pods_ParavionTests.framework */,
				423EEBE92CEA4C2EA4D09378 /* Pods_ParavionUITests.framework */,
			);
			name = Frameworks;
			sourceTree = "<group>";
		};
		8D590C0A36ABE9E22F41A48B /* Pods */ = {
			isa = PBXGroup;
			children = (
				01F83763B08FD4475FD2E0A4 /* Pods-Paravion.debug.xcconfig */,
				5B847EBA1C2F9A416690DDAA /* Pods-Paravion.release.xcconfig */,
				6579A358CBD4F56E70E77EC8 /* Pods-ParavionTests.debug.xcconfig */,
				1F6162016EFF731654FF5991 /* Pods-ParavionTests.release.xcconfig */,
				F99BAF2FB1A5D8C72EDF2927 /* Pods-ParavionUITests.debug.xcconfig */,
				3006F0062884212B3E2AEFE7 /* Pods-ParavionUITests.release.xcconfig */,
			);
			name = Pods;
			sourceTree = "<group>";
		};
/* End PBXGroup section */

/* Begin PBXNativeTarget section */
		2272CBE21F1FCB8C00D95624 /* Paravion */ = {
			isa = PBXNativeTarget;
			buildConfigurationList = 2272CC0E1F1FCB8D00D95624 /* Build configuration list for PBXNativeTarget "Paravion" */;
			buildPhases = (
				85A7E4981150E45EF9395C2F /* [CP] Check Pods Manifest.lock */,
				2272CBDF1F1FCB8C00D95624 /* Sources */,
				2272CBE01F1FCB8C00D95624 /* Frameworks */,
				2272CBE11F1FCB8C00D95624 /* Resources */,
				679241B4DABE0ADAF6D81E40 /* [CP] Embed Pods Frameworks */,
				3E3371266C465F70FC03C972 /* [CP] Copy Pods Resources */,
			);
			buildRules = (
			);
			dependencies = (
			);
			name = Paravion;
			productName = Paravion;
			productReference = 2272CBE31F1FCB8C00D95624 /* Paravion.app */;
			productType = "com.apple.product-type.application";
		};
		2272CBF91F1FCB8C00D95624 /* ParavionTests */ = {
			isa = PBXNativeTarget;
			buildConfigurationList = 2272CC111F1FCB8D00D95624 /* Build configuration list for PBXNativeTarget "ParavionTests" */;
			buildPhases = (
				79EFD46D8278B930CDB87912 /* [CP] Check Pods Manifest.lock */,
				2272CBF61F1FCB8C00D95624 /* Sources */,
				2272CBF71F1FCB8C00D95624 /* Frameworks */,
				2272CBF81F1FCB8C00D95624 /* Resources */,
				90383B683866EC53448966BE /* [CP] Embed Pods Frameworks */,
				79EBD321ECEB37F8CD35E865 /* [CP] Copy Pods Resources */,
			);
			buildRules = (
			);
			dependencies = (
				2272CBFC1F1FCB8C00D95624 /* PBXTargetDependency */,
			);
			name = ParavionTests;
			productName = ParavionTests;
			productReference = 2272CBFA1F1FCB8C00D95624 /* ParavionTests.xctest */;
			productType = "com.apple.product-type.bundle.unit-test";
		};
		2272CC041F1FCB8D00D95624 /* ParavionUITests */ = {
			isa = PBXNativeTarget;
			buildConfigurationList = 2272CC141F1FCB8D00D95624 /* Build configuration list for PBXNativeTarget "ParavionUITests" */;
			buildPhases = (
				1A31A39DA6CD2D8A85FA0644 /* [CP] Check Pods Manifest.lock */,
				2272CC011F1FCB8D00D95624 /* Sources */,
				2272CC021F1FCB8D00D95624 /* Frameworks */,
				2272CC031F1FCB8D00D95624 /* Resources */,
				B36998B1F3A5D762CD764B13 /* [CP] Copy Pods Resources */,
			);
			buildRules = (
			);
			dependencies = (
				2272CC071F1FCB8D00D95624 /* PBXTargetDependency */,
			);
			name = ParavionUITests;
			productName = ParavionUITests;
			productReference = 2272CC051F1FCB8D00D95624 /* ParavionUITests.xctest */;
			productType = "com.apple.product-type.bundle.ui-testing";
		};
/* End PBXNativeTarget section */

/* Begin PBXProject section */
		2272CBDB1F1FCB8C00D95624 /* Project object */ = {
			isa = PBXProject;
			attributes = {
				LastSwiftUpdateCheck = 0830;
				LastUpgradeCheck = 0830;
				ORGANIZATIONNAME = Apple;
				TargetAttributes = {
					2272CBE21F1FCB8C00D95624 = {
						CreatedOnToolsVersion = 8.3.3;
						DevelopmentTeam = 67899C4F9U;
						LastSwiftMigration = 0830;
						ProvisioningStyle = Automatic;
					};
					2272CBF91F1FCB8C00D95624 = {
						CreatedOnToolsVersion = 8.3.3;
						LastSwiftMigration = 0830;
						ProvisioningStyle = Automatic;
						TestTargetID = 2272CBE21F1FCB8C00D95624;
					};
					2272CC041F1FCB8D00D95624 = {
						CreatedOnToolsVersion = 8.3.3;
						LastSwiftMigration = 0830;
						ProvisioningStyle = Automatic;
						TestTargetID = 2272CBE21F1FCB8C00D95624;
					};
				};
			};
			buildConfigurationList = 2272CBDE1F1FCB8C00D95624 /* Build configuration list for PBXProject "Paravion" */;
			compatibilityVersion = "Xcode 3.2";
			developmentRegion = English;
			hasScannedForEncodings = 0;
			knownRegions = (
				en,
				Base,
			);
			mainGroup = 2272CBDA1F1FCB8C00D95624;
			productRefGroup = 2272CBE41F1FCB8C00D95624 /* Products */;
			projectDirPath = "";
			projectRoot = "";
			targets = (
				2272CBE21F1FCB8C00D95624 /* Paravion */,
				2272CBF91F1FCB8C00D95624 /* ParavionTests */,
				2272CC041F1FCB8D00D95624 /* ParavionUITests */,
			);
		};
/* End PBXProject section */

/* Begin PBXResourcesBuildPhase section */
		2272CBE11F1FCB8C00D95624 /* Resources */ = {
			isa = PBXResourcesBuildPhase;
			buildActionMask = 2147483647;
			files = (
				22326A141F28CA0900933424 /* burgerImage.png in Resources */,
				22326A1B1F28CA0900933424 /* tutorial.png in Resources */,
				22BFCC631F3CBEB2006BB53C /* selImg2.png in Resources */,
				22BFCC611F3CBEB2006BB53C /* selImg0.png in Resources */,
				22326A1D1F28CA0900933424 /* wishlist.png in Resources */,
				22326A1C1F28CA0900933424 /* txtParavion.png in Resources */,
				2272CBF41F1FCB8C00D95624 /* LaunchScreen.storyboard in Resources */,
				22326A161F28CA0900933424 /* centerImage.png in Resources */,
				22E052031F29497600C88E36 /* adaugaPozaProfil.png in Resources */,
				22326A171F28CA0900933424 /* DateleMele.png in Resources */,
				22326A181F28CA0900933424 /* feedback.png in Resources */,
				22326A151F28CA0900933424 /* burgerImage2.png in Resources */,
				229CFD0A1F3A5F74000AC412 /* radioUnchecked.png in Resources */,
				22BFCC621F3CBEB2006BB53C /* selImg1.png in Resources */,
				227A38F11F29D48000B22130 /* maleImg.png in Resources */,
				229CFCFC1F3A4CF0000AC412 /* Tutorial.storyboard in Resources */,
				22326A1A1F28CA0900933424 /* refaquiz.png in Resources */,
				2272CBF11F1FCB8C00D95624 /* Assets.xcassets in Resources */,
				2272CBEC1F1FCB8C00D95624 /* Main.storyboard in Resources */,
				22326A191F28CA0900933424 /* logout.png in Resources */,
				22BFCC641F3CBEB2006BB53C /* selImg3.png in Resources */,
				227A38EF1F29D47700B22130 /* femaleImg.png in Resources */,
			);
			runOnlyForDeploymentPostprocessing = 0;
		};
		2272CBF81F1FCB8C00D95624 /* Resources */ = {
			isa = PBXResourcesBuildPhase;
			buildActionMask = 2147483647;
			files = (
			);
			runOnlyForDeploymentPostprocessing = 0;
		};
		2272CC031F1FCB8D00D95624 /* Resources */ = {
			isa = PBXResourcesBuildPhase;
			buildActionMask = 2147483647;
			files = (
			);
			runOnlyForDeploymentPostprocessing = 0;
		};
/* End PBXResourcesBuildPhase section */

/* Begin PBXShellScriptBuildPhase section */
		1A31A39DA6CD2D8A85FA0644 /* [CP] Check Pods Manifest.lock */ = {
			isa = PBXShellScriptBuildPhase;
			buildActionMask = 2147483647;
			files = (
			);
			inputPaths = (
			);
			name = "[CP] Check Pods Manifest.lock";
			outputPaths = (
			);
			runOnlyForDeploymentPostprocessing = 0;
			shellPath = /bin/sh;
			shellScript = "diff \"${PODS_ROOT}/../Podfile.lock\" \"${PODS_ROOT}/Manifest.lock\" > /dev/null\nif [[ $? != 0 ]] ; then\n    cat << EOM\nerror: The sandbox is not in sync with the Podfile.lock. Run 'pod install' or update your CocoaPods installation.\nEOM\n    exit 1\nfi\n";
			showEnvVarsInLog = 0;
		};
		3E3371266C465F70FC03C972 /* [CP] Copy Pods Resources */ = {
			isa = PBXShellScriptBuildPhase;
			buildActionMask = 2147483647;
			files = (
			);
			inputPaths = (
			);
			name = "[CP] Copy Pods Resources";
			outputPaths = (
			);
			runOnlyForDeploymentPostprocessing = 0;
			shellPath = /bin/sh;
			shellScript = "\"${SRCROOT}/Pods/Target Support Files/Pods-Paravion/Pods-Paravion-resources.sh\"\n";
			showEnvVarsInLog = 0;
		};
		679241B4DABE0ADAF6D81E40 /* [CP] Embed Pods Frameworks */ = {
			isa = PBXShellScriptBuildPhase;
			buildActionMask = 2147483647;
			files = (
			);
			inputPaths = (
			);
			name = "[CP] Embed Pods Frameworks";
			outputPaths = (
			);
			runOnlyForDeploymentPostprocessing = 0;
			shellPath = /bin/sh;
			shellScript = "\"${SRCROOT}/Pods/Target Support Files/Pods-Paravion/Pods-Paravion-frameworks.sh\"\n";
			showEnvVarsInLog = 0;
		};
		79EBD321ECEB37F8CD35E865 /* [CP] Copy Pods Resources */ = {
			isa = PBXShellScriptBuildPhase;
			buildActionMask = 2147483647;
			files = (
			);
			inputPaths = (
			);
			name = "[CP] Copy Pods Resources";
			outputPaths = (
			);
			runOnlyForDeploymentPostprocessing = 0;
			shellPath = /bin/sh;
			shellScript = "\"${SRCROOT}/Pods/Target Support Files/Pods-ParavionTests/Pods-ParavionTests-resources.sh\"\n";
			showEnvVarsInLog = 0;
		};
		79EFD46D8278B930CDB87912 /* [CP] Check Pods Manifest.lock */ = {
			isa = PBXShellScriptBuildPhase;
			buildActionMask = 2147483647;
			files = (
			);
			inputPaths = (
			);
			name = "[CP] Check Pods Manifest.lock";
			outputPaths = (
			);
			runOnlyForDeploymentPostprocessing = 0;
			shellPath = /bin/sh;
			shellScript = "diff \"${PODS_ROOT}/../Podfile.lock\" \"${PODS_ROOT}/Manifest.lock\" > /dev/null\nif [[ $? != 0 ]] ; then\n    cat << EOM\nerror: The sandbox is not in sync with the Podfile.lock. Run 'pod install' or update your CocoaPods installation.\nEOM\n    exit 1\nfi\n";
			showEnvVarsInLog = 0;
		};
		85A7E4981150E45EF9395C2F /* [CP] Check Pods Manifest.lock */ = {
			isa = PBXShellScriptBuildPhase;
			buildActionMask = 2147483647;
			files = (
			);
			inputPaths = (
			);
			name = "[CP] Check Pods Manifest.lock";
			outputPaths = (
			);
			runOnlyForDeploymentPostprocessing = 0;
			shellPath = /bin/sh;
			shellScript = "diff \"${PODS_ROOT}/../Podfile.lock\" \"${PODS_ROOT}/Manifest.lock\" > /dev/null\nif [[ $? != 0 ]] ; then\n    cat << EOM\nerror: The sandbox is not in sync with the Podfile.lock. Run 'pod install' or update your CocoaPods installation.\nEOM\n    exit 1\nfi\n";
			showEnvVarsInLog = 0;
		};
		90383B683866EC53448966BE /* [CP] Embed Pods Frameworks */ = {
			isa = PBXShellScriptBuildPhase;
			buildActionMask = 2147483647;
			files = (
			);
			inputPaths = (
			);
			name = "[CP] Embed Pods Frameworks";
			outputPaths = (
			);
			runOnlyForDeploymentPostprocessing = 0;
			shellPath = /bin/sh;
			shellScript = "\"${SRCROOT}/Pods/Target Support Files/Pods-ParavionTests/Pods-ParavionTests-frameworks.sh\"\n";
			showEnvVarsInLog = 0;
		};
		B36998B1F3A5D762CD764B13 /* [CP] Copy Pods Resources */ = {
			isa = PBXShellScriptBuildPhase;
			buildActionMask = 2147483647;
			files = (
			);
			inputPaths = (
			);
			name = "[CP] Copy Pods Resources";
			outputPaths = (
			);
			runOnlyForDeploymentPostprocessing = 0;
			shellPath = /bin/sh;
			shellScript = "\"${SRCROOT}/Pods/Target Support Files/Pods-ParavionUITests/Pods-ParavionUITests-resources.sh\"\n";
			showEnvVarsInLog = 0;
		};
/* End PBXShellScriptBuildPhase section */

/* Begin PBXSourcesBuildPhase section */
		2272CBDF1F1FCB8C00D95624 /* Sources */ = {
			isa = PBXSourcesBuildPhase;
			buildActionMask = 2147483647;
			files = (
				2272CBE91F1FCB8C00D95624 /* ViewController.swift in Sources */,
				229CFD061F3A53E4000AC412 /* TutorialP3ViewController.swift in Sources */,
				22326A201F28CDDB00933424 /* DrawerTableviewCellTableViewCell.swift in Sources */,
				22E052051F294AF400C88E36 /* registerType1Cell.swift in Sources */,
				229CFD0D1F3A5FCC000AC412 /* TutorialTitleCell.swift in Sources */,
				22E0520D1F294E0D00C88E36 /* RegisterViewController.swift in Sources */,
				229CFD001F3A53A6000AC412 /* TutorialP0ViewController.swift in Sources */,
				229CFD081F3A59E8000AC412 /* TutorialPageViewController.swift in Sources */,
				22E0520B1F294B2900C88E36 /* registerType4Cell.swift in Sources */,
				22D5BF651F1FD03300B4E7AA /* DrawerViewController.swift in Sources */,
				22E052091F294B1800C88E36 /* registerType3Cell.swift in Sources */,
				22E052071F294B0800C88E36 /* registerType2Cell.swift in Sources */,
				229CFD041F3A53D3000AC412 /* TutorialP2ViewController.swift in Sources */,
				22D5BF6B1F1FD42900B4E7AA /* UIViewController.swift in Sources */,
				2272CBEF1F1FCB8C00D95624 /* Paravion.xcdatamodeld in Sources */,
				2272CBE71F1FCB8C00D95624 /* AppDelegate.swift in Sources */,
				22D5BF671F1FD07900B4E7AA /* MainNavigationviewControllerViewController.swift in Sources */,
				229CFD0F1F3A5FE3000AC412 /* tutorialOptionCell.swift in Sources */,
				229CFD021F3A53C0000AC412 /* TutorialP1ViewController.swift in Sources */,
				2253E3801F2B7E4C007C1397 /* RestApiManager.swift in Sources */,
				227A38F71F2B720000B22130 /* UserObject.swift in Sources */,
			);
			runOnlyForDeploymentPostprocessing = 0;
		};
		2272CBF61F1FCB8C00D95624 /* Sources */ = {
			isa = PBXSourcesBuildPhase;
			buildActionMask = 2147483647;
			files = (
				2272CBFF1F1FCB8C00D95624 /* ParavionTests.swift in Sources */,
			);
			runOnlyForDeploymentPostprocessing = 0;
		};
		2272CC011F1FCB8D00D95624 /* Sources */ = {
			isa = PBXSourcesBuildPhase;
			buildActionMask = 2147483647;
			files = (
				2272CC0A1F1FCB8D00D95624 /* ParavionUITests.swift in Sources */,
			);
			runOnlyForDeploymentPostprocessing = 0;
		};
/* End PBXSourcesBuildPhase section */

/* Begin PBXTargetDependency section */
		2272CBFC1F1FCB8C00D95624 /* PBXTargetDependency */ = {
			isa = PBXTargetDependency;
			target = 2272CBE21F1FCB8C00D95624 /* Paravion */;
			targetProxy = 2272CBFB1F1FCB8C00D95624 /* PBXContainerItemProxy */;
		};
		2272CC071F1FCB8D00D95624 /* PBXTargetDependency */ = {
			isa = PBXTargetDependency;
			target = 2272CBE21F1FCB8C00D95624 /* Paravion */;
			targetProxy = 2272CC061F1FCB8D00D95624 /* PBXContainerItemProxy */;
		};
/* End PBXTargetDependency section */

/* Begin PBXVariantGroup section */
		2272CBEA1F1FCB8C00D95624 /* Main.storyboard */ = {
			isa = PBXVariantGroup;
			children = (
				2272CBEB1F1FCB8C00D95624 /* Base */,
			);
			name = Main.storyboard;
			sourceTree = "<group>";
		};
		2272CBF21F1FCB8C00D95624 /* LaunchScreen.storyboard */ = {
			isa = PBXVariantGroup;
			children = (
				2272CBF31F1FCB8C00D95624 /* Base */,
			);
			name = LaunchScreen.storyboard;
			sourceTree = "<group>";
		};
/* End PBXVariantGroup section */

/* Begin XCBuildConfiguration section */
		2272CC0C1F1FCB8D00D95624 /* Debug */ = {
			isa = XCBuildConfiguration;
			buildSettings = {
				ALWAYS_SEARCH_USER_PATHS = NO;
				CLANG_ANALYZER_NONNULL = YES;
				CLANG_ANALYZER_NUMBER_OBJECT_CONVERSION = YES_AGGRESSIVE;
				CLANG_CXX_LANGUAGE_STANDARD = "gnu++0x";
				CLANG_CXX_LIBRARY = "libc++";
				CLANG_ENABLE_MODULES = YES;
				CLANG_ENABLE_OBJC_ARC = YES;
				CLANG_WARN_BOOL_CONVERSION = YES;
				CLANG_WARN_CONSTANT_CONVERSION = YES;
				CLANG_WARN_DIRECT_OBJC_ISA_USAGE = YES_ERROR;
				CLANG_WARN_DOCUMENTATION_COMMENTS = YES;
				CLANG_WARN_EMPTY_BODY = YES;
				CLANG_WARN_ENUM_CONVERSION = YES;
				CLANG_WARN_INFINITE_RECURSION = YES;
				CLANG_WARN_INT_CONVERSION = YES;
				CLANG_WARN_OBJC_ROOT_CLASS = YES_ERROR;
				CLANG_WARN_SUSPICIOUS_MOVE = YES;
				CLANG_WARN_UNREACHABLE_CODE = YES;
				CLANG_WARN__DUPLICATE_METHOD_MATCH = YES;
				"CODE_SIGN_IDENTITY[sdk=iphoneos*]" = "iPhone Developer";
				COPY_PHASE_STRIP = NO;
				DEBUG_INFORMATION_FORMAT = dwarf;
				ENABLE_STRICT_OBJC_MSGSEND = YES;
				ENABLE_TESTABILITY = YES;
				GCC_C_LANGUAGE_STANDARD = gnu99;
				GCC_DYNAMIC_NO_PIC = NO;
				GCC_NO_COMMON_BLOCKS = YES;
				GCC_OPTIMIZATION_LEVEL = 0;
				GCC_PREPROCESSOR_DEFINITIONS = (
					"DEBUG=1",
					"$(inherited)",
				);
				GCC_WARN_64_TO_32_BIT_CONVERSION = YES;
				GCC_WARN_ABOUT_RETURN_TYPE = YES_ERROR;
				GCC_WARN_UNDECLARED_SELECTOR = YES;
				GCC_WARN_UNINITIALIZED_AUTOS = YES_AGGRESSIVE;
				GCC_WARN_UNUSED_FUNCTION = YES;
				GCC_WARN_UNUSED_VARIABLE = YES;
				IPHONEOS_DEPLOYMENT_TARGET = 10.3;
				MTL_ENABLE_DEBUG_INFO = YES;
				ONLY_ACTIVE_ARCH = YES;
				SDKROOT = iphoneos;
				SWIFT_ACTIVE_COMPILATION_CONDITIONS = DEBUG;
				SWIFT_OPTIMIZATION_LEVEL = "-Onone";
			};
			name = Debug;
		};
		2272CC0D1F1FCB8D00D95624 /* Release */ = {
			isa = XCBuildConfiguration;
			buildSettings = {
				ALWAYS_SEARCH_USER_PATHS = NO;
				CLANG_ANALYZER_NONNULL = YES;
				CLANG_ANALYZER_NUMBER_OBJECT_CONVERSION = YES_AGGRESSIVE;
				CLANG_CXX_LANGUAGE_STANDARD = "gnu++0x";
				CLANG_CXX_LIBRARY = "libc++";
				CLANG_ENABLE_MODULES = YES;
				CLANG_ENABLE_OBJC_ARC = YES;
				CLANG_WARN_BOOL_CONVERSION = YES;
				CLANG_WARN_CONSTANT_CONVERSION = YES;
				CLANG_WARN_DIRECT_OBJC_ISA_USAGE = YES_ERROR;
				CLANG_WARN_DOCUMENTATION_COMMENTS = YES;
				CLANG_WARN_EMPTY_BODY = YES;
				CLANG_WARN_ENUM_CONVERSION = YES;
				CLANG_WARN_INFINITE_RECURSION = YES;
				CLANG_WARN_INT_CONVERSION = YES;
				CLANG_WARN_OBJC_ROOT_CLASS = YES_ERROR;
				CLANG_WARN_SUSPICIOUS_MOVE = YES;
				CLANG_WARN_UNREACHABLE_CODE = YES;
				CLANG_WARN__DUPLICATE_METHOD_MATCH = YES;
				"CODE_SIGN_IDENTITY[sdk=iphoneos*]" = "iPhone Developer";
				COPY_PHASE_STRIP = NO;
				DEBUG_INFORMATION_FORMAT = "dwarf-with-dsym";
				ENABLE_NS_ASSERTIONS = NO;
				ENABLE_STRICT_OBJC_MSGSEND = YES;
				GCC_C_LANGUAGE_STANDARD = gnu99;
				GCC_NO_COMMON_BLOCKS = YES;
				GCC_WARN_64_TO_32_BIT_CONVERSION = YES;
				GCC_WARN_ABOUT_RETURN_TYPE = YES_ERROR;
				GCC_WARN_UNDECLARED_SELECTOR = YES;
				GCC_WARN_UNINITIALIZED_AUTOS = YES_AGGRESSIVE;
				GCC_WARN_UNUSED_FUNCTION = YES;
				GCC_WARN_UNUSED_VARIABLE = YES;
				IPHONEOS_DEPLOYMENT_TARGET = 10.3;
				MTL_ENABLE_DEBUG_INFO = NO;
				SDKROOT = iphoneos;
				SWIFT_OPTIMIZATION_LEVEL = "-Owholemodule";
				VALIDATE_PRODUCT = YES;
			};
			name = Release;
		};
		2272CC0F1F1FCB8D00D95624 /* Debug */ = {
			isa = XCBuildConfiguration;
			baseConfigurationReference = 01F83763B08FD4475FD2E0A4 /* Pods-Paravion.debug.xcconfig */;
			buildSettings = {
				ASSETCATALOG_COMPILER_APPICON_NAME = AppIcon;
				DEVELOPMENT_TEAM = 67899C4F9U;
				FRAMEWORK_SEARCH_PATHS = (
					"$(inherited)",
					"$(PROJECT_DIR)/fb/FacebookSDKs-iOS-4",
				);
				INFOPLIST_FILE = Paravion/Info.plist;
				LD_RUNPATH_SEARCH_PATHS = "$(inherited) @executable_path/Frameworks";
				PRODUCT_BUNDLE_IDENTIFIER = aa.Paravion;
				PRODUCT_NAME = "$(TARGET_NAME)";
				SWIFT_VERSION = 3.0;
			};
			name = Debug;
		};
		2272CC101F1FCB8D00D95624 /* Release */ = {
			isa = XCBuildConfiguration;
			baseConfigurationReference = 5B847EBA1C2F9A416690DDAA /* Pods-Paravion.release.xcconfig */;
			buildSettings = {
				ASSETCATALOG_COMPILER_APPICON_NAME = AppIcon;
				DEVELOPMENT_TEAM = 67899C4F9U;
				FRAMEWORK_SEARCH_PATHS = (
					"$(inherited)",
					"$(PROJECT_DIR)/fb/FacebookSDKs-iOS-4",
				);
				INFOPLIST_FILE = Paravion/Info.plist;
				LD_RUNPATH_SEARCH_PATHS = "$(inherited) @executable_path/Frameworks";
				PRODUCT_BUNDLE_IDENTIFIER = aa.Paravion;
				PRODUCT_NAME = "$(TARGET_NAME)";
				SWIFT_VERSION = 3.0;
			};
			name = Release;
		};
		2272CC121F1FCB8D00D95624 /* Debug */ = {
			isa = XCBuildConfiguration;
			baseConfigurationReference = 6579A358CBD4F56E70E77EC8 /* Pods-ParavionTests.debug.xcconfig */;
			buildSettings = {
				ALWAYS_EMBED_SWIFT_STANDARD_LIBRARIES = YES;
				BUNDLE_LOADER = "$(TEST_HOST)";
				INFOPLIST_FILE = ParavionTests/Info.plist;
				LD_RUNPATH_SEARCH_PATHS = "$(inherited) @executable_path/Frameworks @loader_path/Frameworks";
				PRODUCT_BUNDLE_IDENTIFIER = aa.ParavionTests;
				PRODUCT_NAME = "$(TARGET_NAME)";
				SWIFT_VERSION = 3.0;
				TEST_HOST = "$(BUILT_PRODUCTS_DIR)/Paravion.app/Paravion";
			};
			name = Debug;
		};
		2272CC131F1FCB8D00D95624 /* Release */ = {
			isa = XCBuildConfiguration;
			baseConfigurationReference = 1F6162016EFF731654FF5991 /* Pods-ParavionTests.release.xcconfig */;
			buildSettings = {
				ALWAYS_EMBED_SWIFT_STANDARD_LIBRARIES = YES;
				BUNDLE_LOADER = "$(TEST_HOST)";
				INFOPLIST_FILE = ParavionTests/Info.plist;
				LD_RUNPATH_SEARCH_PATHS = "$(inherited) @executable_path/Frameworks @loader_path/Frameworks";
				PRODUCT_BUNDLE_IDENTIFIER = aa.ParavionTests;
				PRODUCT_NAME = "$(TARGET_NAME)";
				SWIFT_VERSION = 3.0;
				TEST_HOST = "$(BUILT_PRODUCTS_DIR)/Paravion.app/Paravion";
			};
			name = Release;
		};
		2272CC151F1FCB8D00D95624 /* Debug */ = {
			isa = XCBuildConfiguration;
			baseConfigurationReference = F99BAF2FB1A5D8C72EDF2927 /* Pods-ParavionUITests.debug.xcconfig */;
			buildSettings = {
				ALWAYS_EMBED_SWIFT_STANDARD_LIBRARIES = YES;
				INFOPLIST_FILE = ParavionUITests/Info.plist;
				LD_RUNPATH_SEARCH_PATHS = "$(inherited) @executable_path/Frameworks @loader_path/Frameworks";
				PRODUCT_BUNDLE_IDENTIFIER = aa.ParavionUITests;
				PRODUCT_NAME = "$(TARGET_NAME)";
				SWIFT_VERSION = 3.0;
				TEST_TARGET_NAME = Paravion;
			};
			name = Debug;
		};
		2272CC161F1FCB8D00D95624 /* Release */ = {
			isa = XCBuildConfiguration;
			baseConfigurationReference = 3006F0062884212B3E2AEFE7 /* Pods-ParavionUITests.release.xcconfig */;
			buildSettings = {
				ALWAYS_EMBED_SWIFT_STANDARD_LIBRARIES = YES;
				INFOPLIST_FILE = ParavionUITests/Info.plist;
				LD_RUNPATH_SEARCH_PATHS = "$(inherited) @executable_path/Frameworks @loader_path/Frameworks";
				PRODUCT_BUNDLE_IDENTIFIER = aa.ParavionUITests;
				PRODUCT_NAME = "$(TARGET_NAME)";
				SWIFT_VERSION = 3.0;
				TEST_TARGET_NAME = Paravion;
			};
			name = Release;
		};
/* End XCBuildConfiguration section */

/* Begin XCConfigurationList section */
		2272CBDE1F1FCB8C00D95624 /* Build configuration list for PBXProject "Paravion" */ = {
			isa = XCConfigurationList;
			buildConfigurations = (
				2272CC0C1F1FCB8D00D95624 /* Debug */,
				2272CC0D1F1FCB8D00D95624 /* Release */,
			);
			defaultConfigurationIsVisible = 0;
			defaultConfigurationName = Release;
		};
		2272CC0E1F1FCB8D00D95624 /* Build configuration list for PBXNativeTarget "Paravion" */ = {
			isa = XCConfigurationList;
			buildConfigurations = (
				2272CC0F1F1FCB8D00D95624 /* Debug */,
				2272CC101F1FCB8D00D95624 /* Release */,
			);
			defaultConfigurationIsVisible = 0;
			defaultConfigurationName = Release;
		};
		2272CC111F1FCB8D00D95624 /* Build configuration list for PBXNativeTarget "ParavionTests" */ = {
			isa = XCConfigurationList;
			buildConfigurations = (
				2272CC121F1FCB8D00D95624 /* Debug */,
				2272CC131F1FCB8D00D95624 /* Release */,
			);
			defaultConfigurationIsVisible = 0;
			defaultConfigurationName = Release;
		};
		2272CC141F1FCB8D00D95624 /* Build configuration list for PBXNativeTarget "ParavionUITests" */ = {
			isa = XCConfigurationList;
			buildConfigurations = (
				2272CC151F1FCB8D00D95624 /* Debug */,
				2272CC161F1FCB8D00D95624 /* Release */,
			);
			defaultConfigurationIsVisible = 0;
			defaultConfigurationName = Release;
		};
/* End XCConfigurationList section */

/* Begin XCVersionGroup section */
		2272CBED1F1FCB8C00D95624 /* Paravion.xcdatamodeld */ = {
			isa = XCVersionGroup;
			children = (
				2272CBEE1F1FCB8C00D95624 /* Paravion.xcdatamodel */,
			);
			currentVersion = 2272CBEE1F1FCB8C00D95624 /* Paravion.xcdatamodel */;
			path = Paravion.xcdatamodeld;
			sourceTree = "<group>";
			versionGroupType = wrapper.xcdatamodel;
		};
/* End XCVersionGroup section */
	};
	rootObject = 2272CBDB1F1FCB8C00D95624 /* Project object */;
}
